// !$*UTF8*$!
{
	archiveVersion = 1;
	classes = {
	};
	objectVersion = 46;
	objects = {

/* Begin PBXBuildFile section */
		0E771860D98F696C48E807F3 /* libPods-TRZXPersonalProfileUITests.a in Frameworks */ = {isa = PBXBuildFile; fileRef = F7DB4FE8970BDDEA6568C0E5 /* libPods-TRZXPersonalProfileUITests.a */; };
		76BFDF141E66B9350025CDD1 /* main.m in Sources */ = {isa = PBXBuildFile; fileRef = 76BFDF131E66B9350025CDD1 /* main.m */; };
		76BFDF171E66B9350025CDD1 /* AppDelegate.m in Sources */ = {isa = PBXBuildFile; fileRef = 76BFDF161E66B9350025CDD1 /* AppDelegate.m */; };
		76BFDF1A1E66B9350025CDD1 /* ViewController.m in Sources */ = {isa = PBXBuildFile; fileRef = 76BFDF191E66B9350025CDD1 /* ViewController.m */; };
		76BFDF1D1E66B9350025CDD1 /* Main.storyboard in Resources */ = {isa = PBXBuildFile; fileRef = 76BFDF1B1E66B9350025CDD1 /* Main.storyboard */; };
		76BFDF1F1E66B9350025CDD1 /* Assets.xcassets in Resources */ = {isa = PBXBuildFile; fileRef = 76BFDF1E1E66B9350025CDD1 /* Assets.xcassets */; };
		76BFDF221E66B9350025CDD1 /* LaunchScreen.storyboard in Resources */ = {isa = PBXBuildFile; fileRef = 76BFDF201E66B9350025CDD1 /* LaunchScreen.storyboard */; };
		76BFDF2D1E66B9350025CDD1 /* TRZXPersonalProfileTests.m in Sources */ = {isa = PBXBuildFile; fileRef = 76BFDF2C1E66B9350025CDD1 /* TRZXPersonalProfileTests.m */; };
		76BFDF381E66B9350025CDD1 /* TRZXPersonalProfileUITests.m in Sources */ = {isa = PBXBuildFile; fileRef = 76BFDF371E66B9350025CDD1 /* TRZXPersonalProfileUITests.m */; };
		76BFDF481E66B9AF0025CDD1 /* TRZXPersonalProfileViewController.m in Sources */ = {isa = PBXBuildFile; fileRef = 76BFDF471E66B9AF0025CDD1 /* TRZXPersonalProfileViewController.m */; };
		76BFDF4B1E66BB510025CDD1 /* TRZXProfileUserModel.m in Sources */ = {isa = PBXBuildFile; fileRef = 76BFDF4A1E66BB510025CDD1 /* TRZXProfileUserModel.m */; };
		76BFDF551E66BC9E0025CDD1 /* TRZXPersonalProfileCell.m in Sources */ = {isa = PBXBuildFile; fileRef = 76BFDF4D1E66BC9E0025CDD1 /* TRZXPersonalProfileCell.m */; };
		76BFDF561E66BC9E0025CDD1 /* TRZXPersonalProfileCell.xib in Resources */ = {isa = PBXBuildFile; fileRef = 76BFDF4E1E66BC9E0025CDD1 /* TRZXPersonalProfileCell.xib */; };
		76BFDF571E66BC9E0025CDD1 /* TRZXPersonalExperCell.m in Sources */ = {isa = PBXBuildFile; fileRef = 76BFDF501E66BC9E0025CDD1 /* TRZXPersonalExperCell.m */; };
		76BFDF581E66BC9E0025CDD1 /* TRZXPersonalExperCell.xib in Resources */ = {isa = PBXBuildFile; fileRef = 76BFDF511E66BC9E0025CDD1 /* TRZXPersonalExperCell.xib */; };
		76BFDF591E66BC9E0025CDD1 /* TRZXPersonalWorkCell.m in Sources */ = {isa = PBXBuildFile; fileRef = 76BFDF531E66BC9E0025CDD1 /* TRZXPersonalWorkCell.m */; };
		76BFDF5A1E66BC9E0025CDD1 /* TRZXPersonalWorkCell.xib in Resources */ = {isa = PBXBuildFile; fileRef = 76BFDF541E66BC9E0025CDD1 /* TRZXPersonalWorkCell.xib */; };
		76BFDF5F1E66C2A90025CDD1 /* personalUser.png in Resources */ = {isa = PBXBuildFile; fileRef = 76BFDF5B1E66C2A90025CDD1 /* personalUser.png */; };
		76BFDF601E66C2A90025CDD1 /* personalWork.png in Resources */ = {isa = PBXBuildFile; fileRef = 76BFDF5C1E66C2A90025CDD1 /* personalWork.png */; };
		76BFDF611E66C2A90025CDD1 /* redColor.png in Resources */ = {isa = PBXBuildFile; fileRef = 76BFDF5D1E66C2A90025CDD1 /* redColor.png */; };
		76BFDF621E66C2A90025CDD1 /* personalEdu.png in Resources */ = {isa = PBXBuildFile; fileRef = 76BFDF5E1E66C2A90025CDD1 /* personalEdu.png */; };
		76BFDF651E66C6D10025CDD1 /* Target_PersonalProfile.m in Sources */ = {isa = PBXBuildFile; fileRef = 76BFDF641E66C6D10025CDD1 /* Target_PersonalProfile.m */; };
		76BFDF691E66C77A0025CDD1 /* CTMediator+PersonalProfile.m in Sources */ = {isa = PBXBuildFile; fileRef = 76BFDF681E66C77A0025CDD1 /* CTMediator+PersonalProfile.m */; };
		A0FD23C738C4902BC67EB4DD /* libPods-TRZXPersonalProfile.a in Frameworks */ = {isa = PBXBuildFile; fileRef = 1B41CA17D5811E44F88C4033 /* libPods-TRZXPersonalProfile.a */; };
		D12C273000138E65B050418B /* libPods-TRZXPersonalProfileTests.a in Frameworks */ = {isa = PBXBuildFile; fileRef = 46814B9EB48827411E8CB2E5 /* libPods-TRZXPersonalProfileTests.a */; };
/* End PBXBuildFile section */

/* Begin PBXContainerItemProxy section */
		76BFDF291E66B9350025CDD1 /* PBXContainerItemProxy */ = {
			isa = PBXContainerItemProxy;
			containerPortal = 76BFDF071E66B9340025CDD1 /* Project object */;
			proxyType = 1;
			remoteGlobalIDString = 76BFDF0E1E66B9350025CDD1;
			remoteInfo = TRZXPersonalProfile;
		};
		76BFDF341E66B9350025CDD1 /* PBXContainerItemProxy */ = {
			isa = PBXContainerItemProxy;
			containerPortal = 76BFDF071E66B9340025CDD1 /* Project object */;
			proxyType = 1;
			remoteGlobalIDString = 76BFDF0E1E66B9350025CDD1;
			remoteInfo = TRZXPersonalProfile;
		};
/* End PBXContainerItemProxy section */

/* Begin PBXFileReference section */
		04413BB99E6F82574B27AB20 /* Pods-TRZXPersonalProfileUITests.debug.xcconfig */ = {isa = PBXFileReference; includeInIndex = 1; lastKnownFileType = text.xcconfig; name = "Pods-TRZXPersonalProfileUITests.debug.xcconfig"; path = "Pods/Target Support Files/Pods-TRZXPersonalProfileUITests/Pods-TRZXPersonalProfileUITests.debug.xcconfig"; sourceTree = "<group>"; };
		052B94D315172541A57101EF /* Pods-TRZXPersonalProfile.debug.xcconfig */ = {isa = PBXFileReference; includeInIndex = 1; lastKnownFileType = text.xcconfig; name = "Pods-TRZXPersonalProfile.debug.xcconfig"; path = "Pods/Target Support Files/Pods-TRZXPersonalProfile/Pods-TRZXPersonalProfile.debug.xcconfig"; sourceTree = "<group>"; };
		05481EC5BA3989E08BAB9D04 /* Pods-TRZXPersonalProfileUITests.release.xcconfig */ = {isa = PBXFileReference; includeInIndex = 1; lastKnownFileType = text.xcconfig; name = "Pods-TRZXPersonalProfileUITests.release.xcconfig"; path = "Pods/Target Support Files/Pods-TRZXPersonalProfileUITests/Pods-TRZXPersonalProfileUITests.release.xcconfig"; sourceTree = "<group>"; };
		1B41CA17D5811E44F88C4033 /* libPods-TRZXPersonalProfile.a */ = {isa = PBXFileReference; explicitFileType = archive.ar; includeInIndex = 0; path = "libPods-TRZXPersonalProfile.a"; sourceTree = BUILT_PRODUCTS_DIR; };
		2568F742F0EB4611E88F15BA /* Pods-TRZXPersonalProfileTests.debug.xcconfig */ = {isa = PBXFileReference; includeInIndex = 1; lastKnownFileType = text.xcconfig; name = "Pods-TRZXPersonalProfileTests.debug.xcconfig"; path = "Pods/Target Support Files/Pods-TRZXPersonalProfileTests/Pods-TRZXPersonalProfileTests.debug.xcconfig"; sourceTree = "<group>"; };
		46814B9EB48827411E8CB2E5 /* libPods-TRZXPersonalProfileTests.a */ = {isa = PBXFileReference; explicitFileType = archive.ar; includeInIndex = 0; path = "libPods-TRZXPersonalProfileTests.a"; sourceTree = BUILT_PRODUCTS_DIR; };
		76BFDF0F1E66B9350025CDD1 /* TRZXPersonalProfile.app */ = {isa = PBXFileReference; explicitFileType = wrapper.application; includeInIndex = 0; path = TRZXPersonalProfile.app; sourceTree = BUILT_PRODUCTS_DIR; };
		76BFDF131E66B9350025CDD1 /* main.m */ = {isa = PBXFileReference; lastKnownFileType = sourcecode.c.objc; path = main.m; sourceTree = "<group>"; };
		76BFDF151E66B9350025CDD1 /* AppDelegate.h */ = {isa = PBXFileReference; lastKnownFileType = sourcecode.c.h; path = AppDelegate.h; sourceTree = "<group>"; };
		76BFDF161E66B9350025CDD1 /* AppDelegate.m */ = {isa = PBXFileReference; lastKnownFileType = sourcecode.c.objc; path = AppDelegate.m; sourceTree = "<group>"; };
		76BFDF181E66B9350025CDD1 /* ViewController.h */ = {isa = PBXFileReference; lastKnownFileType = sourcecode.c.h; path = ViewController.h; sourceTree = "<group>"; };
		76BFDF191E66B9350025CDD1 /* ViewController.m */ = {isa = PBXFileReference; lastKnownFileType = sourcecode.c.objc; path = ViewController.m; sourceTree = "<group>"; };
		76BFDF1C1E66B9350025CDD1 /* Base */ = {isa = PBXFileReference; lastKnownFileType = file.storyboard; name = Base; path = Base.lproj/Main.storyboard; sourceTree = "<group>"; };
		76BFDF1E1E66B9350025CDD1 /* Assets.xcassets */ = {isa = PBXFileReference; lastKnownFileType = folder.assetcatalog; path = Assets.xcassets; sourceTree = "<group>"; };
		76BFDF211E66B9350025CDD1 /* Base */ = {isa = PBXFileReference; lastKnownFileType = file.storyboard; name = Base; path = Base.lproj/LaunchScreen.storyboard; sourceTree = "<group>"; };
		76BFDF231E66B9350025CDD1 /* Info.plist */ = {isa = PBXFileReference; lastKnownFileType = text.plist.xml; path = Info.plist; sourceTree = "<group>"; };
		76BFDF281E66B9350025CDD1 /* TRZXPersonalProfileTests.xctest */ = {isa = PBXFileReference; explicitFileType = wrapper.cfbundle; includeInIndex = 0; path = TRZXPersonalProfileTests.xctest; sourceTree = BUILT_PRODUCTS_DIR; };
		76BFDF2C1E66B9350025CDD1 /* TRZXPersonalProfileTests.m */ = {isa = PBXFileReference; lastKnownFileType = sourcecode.c.objc; path = TRZXPersonalProfileTests.m; sourceTree = "<group>"; };
		76BFDF2E1E66B9350025CDD1 /* Info.plist */ = {isa = PBXFileReference; lastKnownFileType = text.plist.xml; path = Info.plist; sourceTree = "<group>"; };
		76BFDF331E66B9350025CDD1 /* TRZXPersonalProfileUITests.xctest */ = {isa = PBXFileReference; explicitFileType = wrapper.cfbundle; includeInIndex = 0; path = TRZXPersonalProfileUITests.xctest; sourceTree = BUILT_PRODUCTS_DIR; };
		76BFDF371E66B9350025CDD1 /* TRZXPersonalProfileUITests.m */ = {isa = PBXFileReference; lastKnownFileType = sourcecode.c.objc; path = TRZXPersonalProfileUITests.m; sourceTree = "<group>"; };
		76BFDF391E66B9350025CDD1 /* Info.plist */ = {isa = PBXFileReference; lastKnownFileType = text.plist.xml; path = Info.plist; sourceTree = "<group>"; };
		76BFDF461E66B9AF0025CDD1 /* TRZXPersonalProfileViewController.h */ = {isa = PBXFileReference; fileEncoding = 4; lastKnownFileType = sourcecode.c.h; path = TRZXPersonalProfileViewController.h; sourceTree = "<group>"; };
		76BFDF471E66B9AF0025CDD1 /* TRZXPersonalProfileViewController.m */ = {isa = PBXFileReference; fileEncoding = 4; lastKnownFileType = sourcecode.c.objc; path = TRZXPersonalProfileViewController.m; sourceTree = "<group>"; };
		76BFDF491E66BB510025CDD1 /* TRZXProfileUserModel.h */ = {isa = PBXFileReference; fileEncoding = 4; lastKnownFileType = sourcecode.c.h; path = TRZXProfileUserModel.h; sourceTree = "<group>"; };
		76BFDF4A1E66BB510025CDD1 /* TRZXProfileUserModel.m */ = {isa = PBXFileReference; fileEncoding = 4; lastKnownFileType = sourcecode.c.objc; path = TRZXProfileUserModel.m; sourceTree = "<group>"; };
		76BFDF4C1E66BC9E0025CDD1 /* TRZXPersonalProfileCell.h */ = {isa = PBXFileReference; fileEncoding = 4; lastKnownFileType = sourcecode.c.h; path = TRZXPersonalProfileCell.h; sourceTree = "<group>"; };
		76BFDF4D1E66BC9E0025CDD1 /* TRZXPersonalProfileCell.m */ = {isa = PBXFileReference; fileEncoding = 4; lastKnownFileType = sourcecode.c.objc; path = TRZXPersonalProfileCell.m; sourceTree = "<group>"; };
		76BFDF4E1E66BC9E0025CDD1 /* TRZXPersonalProfileCell.xib */ = {isa = PBXFileReference; fileEncoding = 4; lastKnownFileType = file.xib; path = TRZXPersonalProfileCell.xib; sourceTree = "<group>"; };
		76BFDF4F1E66BC9E0025CDD1 /* TRZXPersonalExperCell.h */ = {isa = PBXFileReference; fileEncoding = 4; lastKnownFileType = sourcecode.c.h; path = TRZXPersonalExperCell.h; sourceTree = "<group>"; };
		76BFDF501E66BC9E0025CDD1 /* TRZXPersonalExperCell.m */ = {isa = PBXFileReference; fileEncoding = 4; lastKnownFileType = sourcecode.c.objc; path = TRZXPersonalExperCell.m; sourceTree = "<group>"; };
		76BFDF511E66BC9E0025CDD1 /* TRZXPersonalExperCell.xib */ = {isa = PBXFileReference; fileEncoding = 4; lastKnownFileType = file.xib; path = TRZXPersonalExperCell.xib; sourceTree = "<group>"; };
		76BFDF521E66BC9E0025CDD1 /* TRZXPersonalWorkCell.h */ = {isa = PBXFileReference; fileEncoding = 4; lastKnownFileType = sourcecode.c.h; path = TRZXPersonalWorkCell.h; sourceTree = "<group>"; };
		76BFDF531E66BC9E0025CDD1 /* TRZXPersonalWorkCell.m */ = {isa = PBXFileReference; fileEncoding = 4; lastKnownFileType = sourcecode.c.objc; path = TRZXPersonalWorkCell.m; sourceTree = "<group>"; };
		76BFDF541E66BC9E0025CDD1 /* TRZXPersonalWorkCell.xib */ = {isa = PBXFileReference; fileEncoding = 4; lastKnownFileType = file.xib; path = TRZXPersonalWorkCell.xib; sourceTree = "<group>"; };
		76BFDF5B1E66C2A90025CDD1 /* personalUser.png */ = {isa = PBXFileReference; lastKnownFileType = image.png; path = personalUser.png; sourceTree = "<group>"; };
		76BFDF5C1E66C2A90025CDD1 /* personalWork.png */ = {isa = PBXFileReference; lastKnownFileType = image.png; path = personalWork.png; sourceTree = "<group>"; };
		76BFDF5D1E66C2A90025CDD1 /* redColor.png */ = {isa = PBXFileReference; lastKnownFileType = image.png; path = redColor.png; sourceTree = "<group>"; };
		76BFDF5E1E66C2A90025CDD1 /* personalEdu.png */ = {isa = PBXFileReference; lastKnownFileType = image.png; path = personalEdu.png; sourceTree = "<group>"; };
		76BFDF631E66C6D10025CDD1 /* Target_PersonalProfile.h */ = {isa = PBXFileReference; fileEncoding = 4; lastKnownFileType = sourcecode.c.h; path = Target_PersonalProfile.h; sourceTree = "<group>"; };
		76BFDF641E66C6D10025CDD1 /* Target_PersonalProfile.m */ = {isa = PBXFileReference; fileEncoding = 4; lastKnownFileType = sourcecode.c.objc; path = Target_PersonalProfile.m; sourceTree = "<group>"; };
		76BFDF671E66C77A0025CDD1 /* CTMediator+PersonalProfile.h */ = {isa = PBXFileReference; fileEncoding = 4; lastKnownFileType = sourcecode.c.h; path = "CTMediator+PersonalProfile.h"; sourceTree = "<group>"; };
		76BFDF681E66C77A0025CDD1 /* CTMediator+PersonalProfile.m */ = {isa = PBXFileReference; fileEncoding = 4; lastKnownFileType = sourcecode.c.objc; path = "CTMediator+PersonalProfile.m"; sourceTree = "<group>"; };
		EEC7C1B6EE3103ADA7034E37 /* Pods-TRZXPersonalProfile.release.xcconfig */ = {isa = PBXFileReference; includeInIndex = 1; lastKnownFileType = text.xcconfig; name = "Pods-TRZXPersonalProfile.release.xcconfig"; path = "Pods/Target Support Files/Pods-TRZXPersonalProfile/Pods-TRZXPersonalProfile.release.xcconfig"; sourceTree = "<group>"; };
		F7DB4FE8970BDDEA6568C0E5 /* libPods-TRZXPersonalProfileUITests.a */ = {isa = PBXFileReference; explicitFileType = archive.ar; includeInIndex = 0; path = "libPods-TRZXPersonalProfileUITests.a"; sourceTree = BUILT_PRODUCTS_DIR; };
		FB5FEBA020FD3A8D1A45CA11 /* Pods-TRZXPersonalProfileTests.release.xcconfig */ = {isa = PBXFileReference; includeInIndex = 1; lastKnownFileType = text.xcconfig; name = "Pods-TRZXPersonalProfileTests.release.xcconfig"; path = "Pods/Target Support Files/Pods-TRZXPersonalProfileTests/Pods-TRZXPersonalProfileTests.release.xcconfig"; sourceTree = "<group>"; };
/* End PBXFileReference section */

/* Begin PBXFrameworksBuildPhase section */
		76BFDF0C1E66B9350025CDD1 /* Frameworks */ = {
			isa = PBXFrameworksBuildPhase;
			buildActionMask = 2147483647;
			files = (
				A0FD23C738C4902BC67EB4DD /* libPods-TRZXPersonalProfile.a in Frameworks */,
			);
			runOnlyForDeploymentPostprocessing = 0;
		};
		76BFDF251E66B9350025CDD1 /* Frameworks */ = {
			isa = PBXFrameworksBuildPhase;
			buildActionMask = 2147483647;
			files = (
				D12C273000138E65B050418B /* libPods-TRZXPersonalProfileTests.a in Frameworks */,
			);
			runOnlyForDeploymentPostprocessing = 0;
		};
		76BFDF301E66B9350025CDD1 /* Frameworks */ = {
			isa = PBXFrameworksBuildPhase;
			buildActionMask = 2147483647;
			files = (
				0E771860D98F696C48E807F3 /* libPods-TRZXPersonalProfileUITests.a in Frameworks */,
			);
			runOnlyForDeploymentPostprocessing = 0;
		};
/* End PBXFrameworksBuildPhase section */

/* Begin PBXGroup section */
		76BFDF061E66B9340025CDD1 = {
			isa = PBXGroup;
			children = (
				76BFDF111E66B9350025CDD1 /* TRZXPersonalProfile */,
				76BFDF2B1E66B9350025CDD1 /* TRZXPersonalProfileTests */,
				76BFDF361E66B9350025CDD1 /* TRZXPersonalProfileUITests */,
				76BFDF101E66B9350025CDD1 /* Products */,
				F10DAFA30A6A44647EA589A5 /* Pods */,
				85B34DFCBAF5167F1DFC92ED /* Frameworks */,
			);
			sourceTree = "<group>";
		};
		76BFDF101E66B9350025CDD1 /* Products */ = {
			isa = PBXGroup;
			children = (
				76BFDF0F1E66B9350025CDD1 /* TRZXPersonalProfile.app */,
				76BFDF281E66B9350025CDD1 /* TRZXPersonalProfileTests.xctest */,
				76BFDF331E66B9350025CDD1 /* TRZXPersonalProfileUITests.xctest */,
			);
			name = Products;
			sourceTree = "<group>";
		};
		76BFDF111E66B9350025CDD1 /* TRZXPersonalProfile */ = {
			isa = PBXGroup;
			children = (
				76BFDF151E66B9350025CDD1 /* AppDelegate.h */,
				76BFDF161E66B9350025CDD1 /* AppDelegate.m */,
				76BFDF181E66B9350025CDD1 /* ViewController.h */,
				76BFDF191E66B9350025CDD1 /* ViewController.m */,
				76BFDF451E66B99B0025CDD1 /* TRZXPersonalProfile */,
				76BFDF1B1E66B9350025CDD1 /* Main.storyboard */,
				76BFDF1E1E66B9350025CDD1 /* Assets.xcassets */,
				76BFDF201E66B9350025CDD1 /* LaunchScreen.storyboard */,
				76BFDF231E66B9350025CDD1 /* Info.plist */,
				76BFDF121E66B9350025CDD1 /* Supporting Files */,
			);
			path = TRZXPersonalProfile;
			sourceTree = "<group>";
		};
		76BFDF121E66B9350025CDD1 /* Supporting Files */ = {
			isa = PBXGroup;
			children = (
				76BFDF131E66B9350025CDD1 /* main.m */,
			);
			name = "Supporting Files";
			sourceTree = "<group>";
		};
		76BFDF2B1E66B9350025CDD1 /* TRZXPersonalProfileTests */ = {
			isa = PBXGroup;
			children = (
				76BFDF2C1E66B9350025CDD1 /* TRZXPersonalProfileTests.m */,
				76BFDF2E1E66B9350025CDD1 /* Info.plist */,
			);
			path = TRZXPersonalProfileTests;
			sourceTree = "<group>";
		};
		76BFDF361E66B9350025CDD1 /* TRZXPersonalProfileUITests */ = {
			isa = PBXGroup;
			children = (
				76BFDF371E66B9350025CDD1 /* TRZXPersonalProfileUITests.m */,
				76BFDF391E66B9350025CDD1 /* Info.plist */,
			);
			path = TRZXPersonalProfileUITests;
			sourceTree = "<group>";
		};
		76BFDF451E66B99B0025CDD1 /* TRZXPersonalProfile */ = {
			isa = PBXGroup;
			children = (
				76BFDF5B1E66C2A90025CDD1 /* personalUser.png */,
				76BFDF5C1E66C2A90025CDD1 /* personalWork.png */,
				76BFDF5D1E66C2A90025CDD1 /* redColor.png */,
				76BFDF5E1E66C2A90025CDD1 /* personalEdu.png */,
				76BFDF461E66B9AF0025CDD1 /* TRZXPersonalProfileViewController.h */,
				76BFDF471E66B9AF0025CDD1 /* TRZXPersonalProfileViewController.m */,
				76BFDF491E66BB510025CDD1 /* TRZXProfileUserModel.h */,
				76BFDF4A1E66BB510025CDD1 /* TRZXProfileUserModel.m */,
				76BFDF4C1E66BC9E0025CDD1 /* TRZXPersonalProfileCell.h */,
				76BFDF4D1E66BC9E0025CDD1 /* TRZXPersonalProfileCell.m */,
				76BFDF4E1E66BC9E0025CDD1 /* TRZXPersonalProfileCell.xib */,
				76BFDF4F1E66BC9E0025CDD1 /* TRZXPersonalExperCell.h */,
				76BFDF501E66BC9E0025CDD1 /* TRZXPersonalExperCell.m */,
				76BFDF511E66BC9E0025CDD1 /* TRZXPersonalExperCell.xib */,
				76BFDF521E66BC9E0025CDD1 /* TRZXPersonalWorkCell.h */,
				76BFDF531E66BC9E0025CDD1 /* TRZXPersonalWorkCell.m */,
				76BFDF541E66BC9E0025CDD1 /* TRZXPersonalWorkCell.xib */,
				76BFDF631E66C6D10025CDD1 /* Target_PersonalProfile.h */,
				76BFDF641E66C6D10025CDD1 /* Target_PersonalProfile.m */,
				76BFDF671E66C77A0025CDD1 /* CTMediator+PersonalProfile.h */,
				76BFDF681E66C77A0025CDD1 /* CTMediator+PersonalProfile.m */,
			);
			path = TRZXPersonalProfile;
			sourceTree = "<group>";
		};
		85B34DFCBAF5167F1DFC92ED /* Frameworks */ = {
			isa = PBXGroup;
			children = (
				1B41CA17D5811E44F88C4033 /* libPods-TRZXPersonalProfile.a */,
				46814B9EB48827411E8CB2E5 /* libPods-TRZXPersonalProfileTests.a */,
				F7DB4FE8970BDDEA6568C0E5 /* libPods-TRZXPersonalProfileUITests.a */,
			);
			name = Frameworks;
			sourceTree = "<group>";
		};
		F10DAFA30A6A44647EA589A5 /* Pods */ = {
			isa = PBXGroup;
			children = (
				052B94D315172541A57101EF /* Pods-TRZXPersonalProfile.debug.xcconfig */,
				EEC7C1B6EE3103ADA7034E37 /* Pods-TRZXPersonalProfile.release.xcconfig */,
				2568F742F0EB4611E88F15BA /* Pods-TRZXPersonalProfileTests.debug.xcconfig */,
				FB5FEBA020FD3A8D1A45CA11 /* Pods-TRZXPersonalProfileTests.release.xcconfig */,
				04413BB99E6F82574B27AB20 /* Pods-TRZXPersonalProfileUITests.debug.xcconfig */,
				05481EC5BA3989E08BAB9D04 /* Pods-TRZXPersonalProfileUITests.release.xcconfig */,
			);
			name = Pods;
			sourceTree = "<group>";
		};
/* End PBXGroup section */

/* Begin PBXNativeTarget section */
		76BFDF0E1E66B9350025CDD1 /* TRZXPersonalProfile */ = {
			isa = PBXNativeTarget;
			buildConfigurationList = 76BFDF3C1E66B9350025CDD1 /* Build configuration list for PBXNativeTarget "TRZXPersonalProfile" */;
			buildPhases = (
				80942273710F4D1245E12879 /* [CP] Check Pods Manifest.lock */,
				76BFDF0B1E66B9350025CDD1 /* Sources */,
				76BFDF0C1E66B9350025CDD1 /* Frameworks */,
				76BFDF0D1E66B9350025CDD1 /* Resources */,
				C300B375FFCDD86252769EE6 /* [CP] Embed Pods Frameworks */,
				FAA2A2388541508D7AFE6C52 /* [CP] Copy Pods Resources */,
			);
			buildRules = (
			);
			dependencies = (
			);
			name = TRZXPersonalProfile;
			productName = TRZXPersonalProfile;
			productReference = 76BFDF0F1E66B9350025CDD1 /* TRZXPersonalProfile.app */;
			productType = "com.apple.product-type.application";
		};
		76BFDF271E66B9350025CDD1 /* TRZXPersonalProfileTests */ = {
			isa = PBXNativeTarget;
			buildConfigurationList = 76BFDF3F1E66B9350025CDD1 /* Build configuration list for PBXNativeTarget "TRZXPersonalProfileTests" */;
			buildPhases = (
				C2B63CE6C28BB3BF928A4CBA /* [CP] Check Pods Manifest.lock */,
				76BFDF241E66B9350025CDD1 /* Sources */,
				76BFDF251E66B9350025CDD1 /* Frameworks */,
				76BFDF261E66B9350025CDD1 /* Resources */,
				CD5C7140D1C16142D0BA437E /* [CP] Embed Pods Frameworks */,
				45B45E1F1D5113C7119D71BF /* [CP] Copy Pods Resources */,
			);
			buildRules = (
			);
			dependencies = (
				76BFDF2A1E66B9350025CDD1 /* PBXTargetDependency */,
			);
			name = TRZXPersonalProfileTests;
			productName = TRZXPersonalProfileTests;
			productReference = 76BFDF281E66B9350025CDD1 /* TRZXPersonalProfileTests.xctest */;
			productType = "com.apple.product-type.bundle.unit-test";
		};
		76BFDF321E66B9350025CDD1 /* TRZXPersonalProfileUITests */ = {
			isa = PBXNativeTarget;
			buildConfigurationList = 76BFDF421E66B9350025CDD1 /* Build configuration list for PBXNativeTarget "TRZXPersonalProfileUITests" */;
			buildPhases = (
				2B8CC8F06D7995EF20DD7853 /* [CP] Check Pods Manifest.lock */,
				76BFDF2F1E66B9350025CDD1 /* Sources */,
				76BFDF301E66B9350025CDD1 /* Frameworks */,
				76BFDF311E66B9350025CDD1 /* Resources */,
				52D1296193F22CA726F771B7 /* [CP] Embed Pods Frameworks */,
				70F14F3BBCD94E8F8F522E1C /* [CP] Copy Pods Resources */,
			);
			buildRules = (
			);
			dependencies = (
				76BFDF351E66B9350025CDD1 /* PBXTargetDependency */,
			);
			name = TRZXPersonalProfileUITests;
			productName = TRZXPersonalProfileUITests;
			productReference = 76BFDF331E66B9350025CDD1 /* TRZXPersonalProfileUITests.xctest */;
			productType = "com.apple.product-type.bundle.ui-testing";
		};
/* End PBXNativeTarget section */

/* Begin PBXProject section */
		76BFDF071E66B9340025CDD1 /* Project object */ = {
			isa = PBXProject;
			attributes = {
				LastUpgradeCheck = 0820;
				ORGANIZATIONNAME = Rhino;
				TargetAttributes = {
					76BFDF0E1E66B9350025CDD1 = {
						CreatedOnToolsVersion = 8.2.1;
						DevelopmentTeam = 487PQPPTGA;
						ProvisioningStyle = Automatic;
						SystemCapabilities = {
							com.apple.Push = {
								enabled = 0;
							};
						};
					};
					76BFDF271E66B9350025CDD1 = {
						CreatedOnToolsVersion = 8.2.1;
						ProvisioningStyle = Automatic;
						TestTargetID = 76BFDF0E1E66B9350025CDD1;
					};
					76BFDF321E66B9350025CDD1 = {
						CreatedOnToolsVersion = 8.2.1;
						ProvisioningStyle = Automatic;
						TestTargetID = 76BFDF0E1E66B9350025CDD1;
					};
				};
			};
			buildConfigurationList = 76BFDF0A1E66B9340025CDD1 /* Build configuration list for PBXProject "TRZXPersonalProfile" */;
			compatibilityVersion = "Xcode 3.2";
			developmentRegion = English;
			hasScannedForEncodings = 0;
			knownRegions = (
				en,
				Base,
			);
			mainGroup = 76BFDF061E66B9340025CDD1;
			productRefGroup = 76BFDF101E66B9350025CDD1 /* Products */;
			projectDirPath = "";
			projectRoot = "";
			targets = (
				76BFDF0E1E66B9350025CDD1 /* TRZXPersonalProfile */,
				76BFDF271E66B9350025CDD1 /* TRZXPersonalProfileTests */,
				76BFDF321E66B9350025CDD1 /* TRZXPersonalProfileUITests */,
			);
		};
/* End PBXProject section */

/* Begin PBXResourcesBuildPhase section */
		76BFDF0D1E66B9350025CDD1 /* Resources */ = {
			isa = PBXResourcesBuildPhase;
			buildActionMask = 2147483647;
			files = (
				76BFDF561E66BC9E0025CDD1 /* TRZXPersonalProfileCell.xib in Resources */,
				76BFDF601E66C2A90025CDD1 /* personalWork.png in Resources */,
				76BFDF221E66B9350025CDD1 /* LaunchScreen.storyboard in Resources */,
				76BFDF581E66BC9E0025CDD1 /* TRZXPersonalExperCell.xib in Resources */,
				76BFDF1F1E66B9350025CDD1 /* Assets.xcassets in Resources */,
				76BFDF1D1E66B9350025CDD1 /* Main.storyboard in Resources */,
				76BFDF611E66C2A90025CDD1 /* redColor.png in Resources */,
				76BFDF5A1E66BC9E0025CDD1 /* TRZXPersonalWorkCell.xib in Resources */,
				76BFDF5F1E66C2A90025CDD1 /* personalUser.png in Resources */,
				76BFDF621E66C2A90025CDD1 /* personalEdu.png in Resources */,
			);
			runOnlyForDeploymentPostprocessing = 0;
		};
		76BFDF261E66B9350025CDD1 /* Resources */ = {
			isa = PBXResourcesBuildPhase;
			buildActionMask = 2147483647;
			files = (
			);
			runOnlyForDeploymentPostprocessing = 0;
		};
		76BFDF311E66B9350025CDD1 /* Resources */ = {
			isa = PBXResourcesBuildPhase;
			buildActionMask = 2147483647;
			files = (
			);
			runOnlyForDeploymentPostprocessing = 0;
		};
/* End PBXResourcesBuildPhase section */

/* Begin PBXShellScriptBuildPhase section */
		2B8CC8F06D7995EF20DD7853 /* [CP] Check Pods Manifest.lock */ = {
			isa = PBXShellScriptBuildPhase;
			buildActionMask = 2147483647;
			files = (
			);
			inputPaths = (
			);
			name = "[CP] Check Pods Manifest.lock";
			outputPaths = (
			);
			runOnlyForDeploymentPostprocessing = 0;
			shellPath = /bin/sh;
			shellScript = "diff \"${PODS_ROOT}/../Podfile.lock\" \"${PODS_ROOT}/Manifest.lock\" > /dev/null\nif [ $? != 0 ] ; then\n    # print error to STDERR\n    echo \"error: The sandbox is not in sync with the Podfile.lock. Run 'pod install' or update your CocoaPods installation.\" >&2\n    exit 1\nfi\n";
			showEnvVarsInLog = 0;
		};
		45B45E1F1D5113C7119D71BF /* [CP] Copy Pods Resources */ = {
			isa = PBXShellScriptBuildPhase;
			buildActionMask = 2147483647;
			files = (
			);
			inputPaths = (
			);
			name = "[CP] Copy Pods Resources";
			outputPaths = (
			);
			runOnlyForDeploymentPostprocessing = 0;
			shellPath = /bin/sh;
			shellScript = "\"${SRCROOT}/Pods/Target Support Files/Pods-TRZXPersonalProfileTests/Pods-TRZXPersonalProfileTests-resources.sh\"\n";
			showEnvVarsInLog = 0;
		};
		52D1296193F22CA726F771B7 /* [CP] Embed Pods Frameworks */ = {
			isa = PBXShellScriptBuildPhase;
			buildActionMask = 2147483647;
			files = (
			);
			inputPaths = (
			);
			name = "[CP] Embed Pods Frameworks";
			outputPaths = (
			);
			runOnlyForDeploymentPostprocessing = 0;
			shellPath = /bin/sh;
			shellScript = "\"${SRCROOT}/Pods/Target Support Files/Pods-TRZXPersonalProfileUITests/Pods-TRZXPersonalProfileUITests-frameworks.sh\"\n";
			showEnvVarsInLog = 0;
		};
		70F14F3BBCD94E8F8F522E1C /* [CP] Copy Pods Resources */ = {
			isa = PBXShellScriptBuildPhase;
			buildActionMask = 2147483647;
			files = (
			);
			inputPaths = (
			);
			name = "[CP] Copy Pods Resources";
			outputPaths = (
			);
			runOnlyForDeploymentPostprocessing = 0;
			shellPath = /bin/sh;
			shellScript = "\"${SRCROOT}/Pods/Target Support Files/Pods-TRZXPersonalProfileUITests/Pods-TRZXPersonalProfileUITests-resources.sh\"\n";
			showEnvVarsInLog = 0;
		};
		80942273710F4D1245E12879 /* [CP] Check Pods Manifest.lock */ = {
			isa = PBXShellScriptBuildPhase;
			buildActionMask = 2147483647;
			files = (
			);
			inputPaths = (
			);
			name = "[CP] Check Pods Manifest.lock";
			outputPaths = (
			);
			runOnlyForDeploymentPostprocessing = 0;
			shellPath = /bin/sh;
			shellScript = "diff \"${PODS_ROOT}/../Podfile.lock\" \"${PODS_ROOT}/Manifest.lock\" > /dev/null\nif [ $? != 0 ] ; then\n    # print error to STDERR\n    echo \"error: The sandbox is not in sync with the Podfile.lock. Run 'pod install' or update your CocoaPods installation.\" >&2\n    exit 1\nfi\n";
			showEnvVarsInLog = 0;
		};
		C2B63CE6C28BB3BF928A4CBA /* [CP] Check Pods Manifest.lock */ = {
			isa = PBXShellScriptBuildPhase;
			buildActionMask = 2147483647;
			files = (
			);
			inputPaths = (
			);
			name = "[CP] Check Pods Manifest.lock";
			outputPaths = (
			);
			runOnlyForDeploymentPostprocessing = 0;
			shellPath = /bin/sh;
			shellScript = "diff \"${PODS_ROOT}/../Podfile.lock\" \"${PODS_ROOT}/Manifest.lock\" > /dev/null\nif [ $? != 0 ] ; then\n    # print error to STDERR\n    echo \"error: The sandbox is not in sync with the Podfile.lock. Run 'pod install' or update your CocoaPods installation.\" >&2\n    exit 1\nfi\n";
			showEnvVarsInLog = 0;
		};
		C300B375FFCDD86252769EE6 /* [CP] Embed Pods Frameworks */ = {
			isa = PBXShellScriptBuildPhase;
			buildActionMask = 2147483647;
			files = (
			);
			inputPaths = (
			);
			name = "[CP] Embed Pods Frameworks";
			outputPaths = (
			);
			runOnlyForDeploymentPostprocessing = 0;
			shellPath = /bin/sh;
			shellScript = "\"${SRCROOT}/Pods/Target Support Files/Pods-TRZXPersonalProfile/Pods-TRZXPersonalProfile-frameworks.sh\"\n";
			showEnvVarsInLog = 0;
		};
		CD5C7140D1C16142D0BA437E /* [CP] Embed Pods Frameworks */ = {
			isa = PBXShellScriptBuildPhase;
			buildActionMask = 2147483647;
			files = (
			);
			inputPaths = (
			);
			name = "[CP] Embed Pods Frameworks";
			outputPaths = (
			);
			runOnlyForDeploymentPostprocessing = 0;
			shellPath = /bin/sh;
			shellScript = "\"${SRCROOT}/Pods/Target Support Files/Pods-TRZXPersonalProfileTests/Pods-TRZXPersonalProfileTests-frameworks.sh\"\n";
			showEnvVarsInLog = 0;
		};
		FAA2A2388541508D7AFE6C52 /* [CP] Copy Pods Resources */ = {
			isa = PBXShellScriptBuildPhase;
			buildActionMask = 2147483647;
			files = (
			);
			inputPaths = (
			);
			name = "[CP] Copy Pods Resources";
			outputPaths = (
			);
			runOnlyForDeploymentPostprocessing = 0;
			shellPath = /bin/sh;
			shellScript = "\"${SRCROOT}/Pods/Target Support Files/Pods-TRZXPersonalProfile/Pods-TRZXPersonalProfile-resources.sh\"\n";
			showEnvVarsInLog = 0;
		};
/* End PBXShellScriptBuildPhase section */

/* Begin PBXSourcesBuildPhase section */
		76BFDF0B1E66B9350025CDD1 /* Sources */ = {
			isa = PBXSourcesBuildPhase;
			buildActionMask = 2147483647;
			files = (
				76BFDF1A1E66B9350025CDD1 /* ViewController.m in Sources */,
				76BFDF591E66BC9E0025CDD1 /* TRZXPersonalWorkCell.m in Sources */,
				76BFDF171E66B9350025CDD1 /* AppDelegate.m in Sources */,
				76BFDF651E66C6D10025CDD1 /* Target_PersonalProfile.m in Sources */,
				76BFDF481E66B9AF0025CDD1 /* TRZXPersonalProfileViewController.m in Sources */,
				76BFDF4B1E66BB510025CDD1 /* TRZXProfileUserModel.m in Sources */,
				76BFDF551E66BC9E0025CDD1 /* TRZXPersonalProfileCell.m in Sources */,
				76BFDF141E66B9350025CDD1 /* main.m in Sources */,
				76BFDF571E66BC9E0025CDD1 /* TRZXPersonalExperCell.m in Sources */,
				76BFDF691E66C77A0025CDD1 /* CTMediator+PersonalProfile.m in Sources */,
			);
			runOnlyForDeploymentPostprocessing = 0;
		};
		76BFDF241E66B9350025CDD1 /* Sources */ = {
			isa = PBXSourcesBuildPhase;
			buildActionMask = 2147483647;
			files = (
				76BFDF2D1E66B9350025CDD1 /* TRZXPersonalProfileTests.m in Sources */,
			);
			runOnlyForDeploymentPostprocessing = 0;
		};
		76BFDF2F1E66B9350025CDD1 /* Sources */ = {
			isa = PBXSourcesBuildPhase;
			buildActionMask = 2147483647;
			files = (
				76BFDF381E66B9350025CDD1 /* TRZXPersonalProfileUITests.m in Sources */,
			);
			runOnlyForDeploymentPostprocessing = 0;
		};
/* End PBXSourcesBuildPhase section */

/* Begin PBXTargetDependency section */
		76BFDF2A1E66B9350025CDD1 /* PBXTargetDependency */ = {
			isa = PBXTargetDependency;
			target = 76BFDF0E1E66B9350025CDD1 /* TRZXPersonalProfile */;
			targetProxy = 76BFDF291E66B9350025CDD1 /* PBXContainerItemProxy */;
		};
		76BFDF351E66B9350025CDD1 /* PBXTargetDependency */ = {
			isa = PBXTargetDependency;
			target = 76BFDF0E1E66B9350025CDD1 /* TRZXPersonalProfile */;
			targetProxy = 76BFDF341E66B9350025CDD1 /* PBXContainerItemProxy */;
		};
/* End PBXTargetDependency section */

/* Begin PBXVariantGroup section */
		76BFDF1B1E66B9350025CDD1 /* Main.storyboard */ = {
			isa = PBXVariantGroup;
			children = (
				76BFDF1C1E66B9350025CDD1 /* Base */,
			);
			name = Main.storyboard;
			sourceTree = "<group>";
		};
		76BFDF201E66B9350025CDD1 /* LaunchScreen.storyboard */ = {
			isa = PBXVariantGroup;
			children = (
				76BFDF211E66B9350025CDD1 /* Base */,
			);
			name = LaunchScreen.storyboard;
			sourceTree = "<group>";
		};
/* End PBXVariantGroup section */

/* Begin XCBuildConfiguration section */
		76BFDF3A1E66B9350025CDD1 /* Debug */ = {
			isa = XCBuildConfiguration;
			buildSettings = {
				ALWAYS_SEARCH_USER_PATHS = NO;
				CLANG_ANALYZER_NONNULL = YES;
				CLANG_CXX_LANGUAGE_STANDARD = "gnu++0x";
				CLANG_CXX_LIBRARY = "libc++";
				CLANG_ENABLE_MODULES = YES;
				CLANG_ENABLE_OBJC_ARC = YES;
				CLANG_WARN_BOOL_CONVERSION = YES;
				CLANG_WARN_CONSTANT_CONVERSION = YES;
				CLANG_WARN_DIRECT_OBJC_ISA_USAGE = YES_ERROR;
				CLANG_WARN_DOCUMENTATION_COMMENTS = YES;
				CLANG_WARN_EMPTY_BODY = YES;
				CLANG_WARN_ENUM_CONVERSION = YES;
				CLANG_WARN_INFINITE_RECURSION = YES;
				CLANG_WARN_INT_CONVERSION = YES;
				CLANG_WARN_OBJC_ROOT_CLASS = YES_ERROR;
				CLANG_WARN_SUSPICIOUS_MOVE = YES;
				CLANG_WARN_UNREACHABLE_CODE = YES;
				CLANG_WARN__DUPLICATE_METHOD_MATCH = YES;
				"CODE_SIGN_IDENTITY[sdk=iphoneos*]" = "iPhone Developer";
				COPY_PHASE_STRIP = NO;
				DEBUG_INFORMATION_FORMAT = dwarf;
				ENABLE_STRICT_OBJC_MSGSEND = YES;
				ENABLE_TESTABILITY = YES;
				GCC_C_LANGUAGE_STANDARD = gnu99;
				GCC_DYNAMIC_NO_PIC = NO;
				GCC_NO_COMMON_BLOCKS = YES;
				GCC_OPTIMIZATION_LEVEL = 0;
				GCC_PREPROCESSOR_DEFINITIONS = (
					"DEBUG=1",
					"$(inherited)",
				);
				GCC_WARN_64_TO_32_BIT_CONVERSION = YES;
				GCC_WARN_ABOUT_RETURN_TYPE = YES_ERROR;
				GCC_WARN_UNDECLARED_SELECTOR = YES;
				GCC_WARN_UNINITIALIZED_AUTOS = YES_AGGRESSIVE;
				GCC_WARN_UNUSED_FUNCTION = YES;
				GCC_WARN_UNUSED_VARIABLE = YES;
				IPHONEOS_DEPLOYMENT_TARGET = 10.2;
				MTL_ENABLE_DEBUG_INFO = YES;
				ONLY_ACTIVE_ARCH = YES;
				SDKROOT = iphoneos;
				TARGETED_DEVICE_FAMILY = "1,2";
			};
			name = Debug;
		};
		76BFDF3B1E66B9350025CDD1 /* Release */ = {
			isa = XCBuildConfiguration;
			buildSettings = {
				ALWAYS_SEARCH_USER_PATHS = NO;
				CLANG_ANALYZER_NONNULL = YES;
				CLANG_CXX_LANGUAGE_STANDARD = "gnu++0x";
				CLANG_CXX_LIBRARY = "libc++";
				CLANG_ENABLE_MODULES = YES;
				CLANG_ENABLE_OBJC_ARC = YES;
				CLANG_WARN_BOOL_CONVERSION = YES;
				CLANG_WARN_CONSTANT_CONVERSION = YES;
				CLANG_WARN_DIRECT_OBJC_ISA_USAGE = YES_ERROR;
				CLANG_WARN_DOCUMENTATION_COMMENTS = YES;
				CLANG_WARN_EMPTY_BODY = YES;
				CLANG_WARN_ENUM_CONVERSION = YES;
				CLANG_WARN_INFINITE_RECURSION = YES;
				CLANG_WARN_INT_CONVERSION = YES;
				CLANG_WARN_OBJC_ROOT_CLASS = YES_ERROR;
				CLANG_WARN_SUSPICIOUS_MOVE = YES;
				CLANG_WARN_UNREACHABLE_CODE = YES;
				CLANG_WARN__DUPLICATE_METHOD_MATCH = YES;
				"CODE_SIGN_IDENTITY[sdk=iphoneos*]" = "iPhone Developer";
				COPY_PHASE_STRIP = NO;
				DEBUG_INFORMATION_FORMAT = "dwarf-with-dsym";
				ENABLE_NS_ASSERTIONS = NO;
				ENABLE_STRICT_OBJC_MSGSEND = YES;
				GCC_C_LANGUAGE_STANDARD = gnu99;
				GCC_NO_COMMON_BLOCKS = YES;
				GCC_WARN_64_TO_32_BIT_CONVERSION = YES;
				GCC_WARN_ABOUT_RETURN_TYPE = YES_ERROR;
				GCC_WARN_UNDECLARED_SELECTOR = YES;
				GCC_WARN_UNINITIALIZED_AUTOS = YES_AGGRESSIVE;
				GCC_WARN_UNUSED_FUNCTION = YES;
				GCC_WARN_UNUSED_VARIABLE = YES;
				IPHONEOS_DEPLOYMENT_TARGET = 10.2;
				MTL_ENABLE_DEBUG_INFO = NO;
				SDKROOT = iphoneos;
				TARGETED_DEVICE_FAMILY = "1,2";
				VALIDATE_PRODUCT = YES;
			};
			name = Release;
		};
		76BFDF3D1E66B9350025CDD1 /* Debug */ = {
			isa = XCBuildConfiguration;
			baseConfigurationReference = 052B94D315172541A57101EF /* Pods-TRZXPersonalProfile.debug.xcconfig */;
			buildSettings = {
				ASSETCATALOG_COMPILER_APPICON_NAME = AppIcon;
				DEVELOPMENT_TEAM = 487PQPPTGA;
				INFOPLIST_FILE = TRZXPersonalProfile/Info.plist;
				LD_RUNPATH_SEARCH_PATHS = "$(inherited) @executable_path/Frameworks";
				PRODUCT_BUNDLE_IDENTIFIER = com.kipo.TRZXPersonalProfile;
				PRODUCT_NAME = "$(TARGET_NAME)";
			};
			name = Debug;
		};
		76BFDF3E1E66B9350025CDD1 /* Release */ = {
			isa = XCBuildConfiguration;
			baseConfigurationReference = EEC7C1B6EE3103ADA7034E37 /* Pods-TRZXPersonalProfile.release.xcconfig */;
			buildSettings = {
				ASSETCATALOG_COMPILER_APPICON_NAME = AppIcon;
				DEVELOPMENT_TEAM = 487PQPPTGA;
				INFOPLIST_FILE = TRZXPersonalProfile/Info.plist;
				LD_RUNPATH_SEARCH_PATHS = "$(inherited) @executable_path/Frameworks";
				PRODUCT_BUNDLE_IDENTIFIER = com.kipo.TRZXPersonalProfile;
				PRODUCT_NAME = "$(TARGET_NAME)";
			};
			name = Release;
		};
		76BFDF401E66B9350025CDD1 /* Debug */ = {
			isa = XCBuildConfiguration;
			baseConfigurationReference = 2568F742F0EB4611E88F15BA /* Pods-TRZXPersonalProfileTests.debug.xcconfig */;
			buildSettings = {
				BUNDLE_LOADER = "$(TEST_HOST)";
				INFOPLIST_FILE = TRZXPersonalProfileTests/Info.plist;
				LD_RUNPATH_SEARCH_PATHS = "$(inherited) @executable_path/Frameworks @loader_path/Frameworks";
				PRODUCT_BUNDLE_IDENTIFIER = com.kipo.TRZXPersonalProfileTests;
				PRODUCT_NAME = "$(TARGET_NAME)";
				TEST_HOST = "$(BUILT_PRODUCTS_DIR)/TRZXPersonalProfile.app/TRZXPersonalProfile";
			};
			name = Debug;
		};
		76BFDF411E66B9350025CDD1 /* Release */ = {
			isa = XCBuildConfiguration;
			baseConfigurationReference = FB5FEBA020FD3A8D1A45CA11 /* Pods-TRZXPersonalProfileTests.release.xcconfig */;
			buildSettings = {
				BUNDLE_LOADER = "$(TEST_HOST)";
				INFOPLIST_FILE = TRZXPersonalProfileTests/Info.plist;
				LD_RUNPATH_SEARCH_PATHS = "$(inherited) @executable_path/Frameworks @loader_path/Frameworks";
				PRODUCT_BUNDLE_IDENTIFIER = com.kipo.TRZXPersonalProfileTests;
				PRODUCT_NAME = "$(TARGET_NAME)";
				TEST_HOST = "$(BUILT_PRODUCTS_DIR)/TRZXPersonalProfile.app/TRZXPersonalProfile";
			};
			name = Release;
		};
		76BFDF431E66B9350025CDD1 /* Debug */ = {
			isa = XCBuildConfiguration;
			baseConfigurationReference = 04413BB99E6F82574B27AB20 /* Pods-TRZXPersonalProfileUITests.debug.xcconfig */;
			buildSettings = {
				INFOPLIST_FILE = TRZXPersonalProfileUITests/Info.plist;
				LD_RUNPATH_SEARCH_PATHS = "$(inherited) @executable_path/Frameworks @loader_path/Frameworks";
				PRODUCT_BUNDLE_IDENTIFIER = com.kipo.TRZXPersonalProfileUITests;
				PRODUCT_NAME = "$(TARGET_NAME)";
				TEST_TARGET_NAME = TRZXPersonalProfile;
			};
			name = Debug;
		};
		76BFDF441E66B9350025CDD1 /* Release */ = {
			isa = XCBuildConfiguration;
			baseConfigurationReference = 05481EC5BA3989E08BAB9D04 /* Pods-TRZXPersonalProfileUITests.release.xcconfig */;
			buildSettings = {
				INFOPLIST_FILE = TRZXPersonalProfileUITests/Info.plist;
				LD_RUNPATH_SEARCH_PATHS = "$(inherited) @executable_path/Frameworks @loader_path/Frameworks";
				PRODUCT_BUNDLE_IDENTIFIER = com.kipo.TRZXPersonalProfileUITests;
				PRODUCT_NAME = "$(TARGET_NAME)";
				TEST_TARGET_NAME = TRZXPersonalProfile;
			};
			name = Release;
		};
/* End XCBuildConfiguration section */

/* Begin XCConfigurationList section */
		76BFDF0A1E66B9340025CDD1 /* Build configuration list for PBXProject "TRZXPersonalProfile" */ = {
			isa = XCConfigurationList;
			buildConfigurations = (
				76BFDF3A1E66B9350025CDD1 /* Debug */,
				76BFDF3B1E66B9350025CDD1 /* Release */,
			);
			defaultConfigurationIsVisible = 0;
			defaultConfigurationName = Release;
		};
		76BFDF3C1E66B9350025CDD1 /* Build configuration list for PBXNativeTarget "TRZXPersonalProfile" */ = {
			isa = XCConfigurationList;
			buildConfigurations = (
				76BFDF3D1E66B9350025CDD1 /* Debug */,
				76BFDF3E1E66B9350025CDD1 /* Release */,
			);
			defaultConfigurationIsVisible = 0;
			defaultConfigurationName = Release;
		};
		76BFDF3F1E66B9350025CDD1 /* Build configuration list for PBXNativeTarget "TRZXPersonalProfileTests" */ = {
			isa = XCConfigurationList;
			buildConfigurations = (
				76BFDF401E66B9350025CDD1 /* Debug */,
				76BFDF411E66B9350025CDD1 /* Release */,
			);
			defaultConfigurationIsVisible = 0;
			defaultConfigurationName = Release;
		};
		76BFDF421E66B9350025CDD1 /* Build configuration list for PBXNativeTarget "TRZXPersonalProfileUITests" */ = {
			isa = XCConfigurationList;
			buildConfigurations = (
				76BFDF431E66B9350025CDD1 /* Debug */,
				76BFDF441E66B9350025CDD1 /* Release */,
			);
			defaultConfigurationIsVisible = 0;
			defaultConfigurationName = Release;
		};
/* End XCConfigurationList section */
	};
	rootObject = 76BFDF071E66B9340025CDD1 /* Project object */;
}
